
Microsoft Visual Studio Solution File, Format Version 12.00
# Visual Studio 2013
VisualStudioVersion = 12.0.21005.1
MinimumVisualStudioVersion = 10.0.40219.1
Project("{FAE04EC0-301F-11D3-BF4B-00C04F79EFBC}") = "大电的城", "大电的城\大电的城.csproj", "{330A22F3-7026-4E93-9BB2-19EF79F98B4B}"
EndProject
Global
	GlobalSection(SolutionConfigurationPlatforms) = preSolution
		Debug|Any CPU = Debug|Any CPU
		Release|Any CPU = Release|Any CPU
	EndGlobalSection
	GlobalSection(ProjectConfigurationPlatforms) = postSolution
		{330A22F3-7026-4E93-9BB2-19EF79F98B4B}.Debug|Any CPU.ActiveCfg = Debug|Any CPU
		{330A22F3-7026-4E93-9BB2-19EF79F98B4B}.Debug|Any CPU.Build.0 = Debug|Any CPU
		{330A22F3-7026-4E93-9BB2-19EF79F98B4B}.Release|Any CPU.ActiveCfg = Release|Any CPU
		{330A22F3-7026-4E93-9BB2-19EF79F98B4B}.Release|Any CPU.Build.0 = Release|Any CPU
	EndGlobalSection
	GlobalSection(SolutionProperties) = preSolution
		HideSolutionNode = FALSE
	EndGlobalSection
EndGlobal
